
Microsoft Visual Studio Solution File, Format Version 12.00
# Visual Studio Version 17
VisualStudioVersion = 17.3.32825.248
MinimumVisualStudioVersion = 10.0.40219.1
Project("{9A19103F-16F7-4668-BE54-9A1E7A4F7556}") = "MiniBlog", "MiniBlog\MiniBlog.csproj", "{EB41A5A7-8B99-4B05-A076-08CBBFAA92F3}"
EndProject
Project("{9A19103F-16F7-4668-BE54-9A1E7A4F7556}") = "Service", "Service\Service.csproj", "{8C44A44E-9C5D-4487-881F-C2D20CB9EBA9}"
EndProject
Global
	GlobalSection(SolutionConfigurationPlatforms) = preSolution
		Debug|Any CPU = Debug|Any CPU
		Release|Any CPU = Release|Any CPU
	EndGlobalSection
	GlobalSection(ProjectConfigurationPlatforms) = postSolution
		{EB41A5A7-8B99-4B05-A076-08CBBFAA92F3}.Debug|Any CPU.ActiveCfg = Debug|Any CPU
		{EB41A5A7-8B99-4B05-A076-08CBBFAA92F3}.Debug|Any CPU.Build.0 = Debug|Any CPU
		{EB41A5A7-8B99-4B05-A076-08CBBFAA92F3}.Release|Any CPU.ActiveCfg = Release|Any CPU
		{EB41A5A7-8B99-4B05-A076-08CBBFAA92F3}.Release|Any CPU.Build.0 = Release|Any CPU
		{8C44A44E-9C5D-4487-881F-C2D20CB9EBA9}.Debug|Any CPU.ActiveCfg = Debug|Any CPU
		{8C44A44E-9C5D-4487-881F-C2D20CB9EBA9}.Debug|Any CPU.Build.0 = Debug|Any CPU
		{8C44A44E-9C5D-4487-881F-C2D20CB9EBA9}.Release|Any CPU.ActiveCfg = Release|Any CPU
		{8C44A44E-9C5D-4487-881F-C2D20CB9EBA9}.Release|Any CPU.Build.0 = Release|Any CPU
	EndGlobalSection
	GlobalSection(SolutionProperties) = preSolution
		HideSolutionNode = FALSE
	EndGlobalSection
	GlobalSection(ExtensibilityGlobals) = postSolution
		SolutionGuid = {907CEC64-6F7B-495F-B9F2-4414C91BB072}
	EndGlobalSection
EndGlobal
